{
    "version": 3,
    "terraform_version": "0.7.4",
    "serial": 4,
    "lineage": "18d192fc-25b8-4ad3-be12-588158bd11ef",
    "modules": [
        {
            "path": [
                "root"
            ],
            "outputs": {},
            "resources": {
                "aws_elb.kube": {
                    "type": "aws_elb",
                    "depends_on": [
                        "aws_security_group.kube",
                        "aws_subnet.kube"
                    ],
                    "primary": {
                        "id": "kubernetes",
                        "attributes": {
                            "access_logs.#": "0",
                            "availability_zones.#": "1",
                            "availability_zones.1305112097": "us-east-1b",
                            "connection_draining": "false",
                            "connection_draining_timeout": "300",
                            "cross_zone_load_balancing": "true",
                            "dns_name": "kubernetes-990764489.us-east-1.elb.amazonaws.com",
                            "health_check.#": "1",
                            "health_check.0.healthy_threshold": "10",
                            "health_check.0.interval": "30",
                            "health_check.0.target": "TCP:6443",
                            "health_check.0.timeout": "5",
                            "health_check.0.unhealthy_threshold": "2",
                            "id": "kubernetes",
                            "idle_timeout": "60",
                            "instances.#": "0",
                            "internal": "false",
                            "listener.#": "1",
                            "listener.3838681924.instance_port": "6443",
                            "listener.3838681924.instance_protocol": "tcp",
                            "listener.3838681924.lb_port": "6443",
                            "listener.3838681924.lb_protocol": "tcp",
                            "listener.3838681924.ssl_certificate_id": "",
                            "name": "kubernetes",
                            "security_groups.#": "1",
                            "security_groups.303596072": "sg-81553afb",
                            "source_security_group": "941694918503/kubernetes",
                            "source_security_group_id": "sg-81553afb",
                            "subnets.#": "1",
                            "subnets.1193604507": "subnet-3629c06d",
                            "tags.%": "0",
                            "zone_id": "Z35SXDOTRQ7X7K"
                        },
                        "meta": {},
                        "tainted": false
                    },
                    "deposed": [],
                    "provider": ""
                },
                "aws_iam_instance_profile.kube": {
                    "type": "aws_iam_instance_profile",
                    "depends_on": [
                        "aws_iam_role.kube"
                    ],
                    "primary": {
                        "id": "kubernetes",
                        "attributes": {
                            "arn": "arn:aws:iam::941694918503:instance-profile/kubernetes",
                            "id": "kubernetes",
                            "name": "kubernetes",
                            "path": "/",
                            "roles.#": "1",
                            "roles.4115306839": "kube"
                        },
                        "meta": {},
                        "tainted": false
                    },
                    "deposed": [],
                    "provider": ""
                },
                "aws_iam_role.kube": {
                    "type": "aws_iam_role",
                    "depends_on": [],
                    "primary": {
                        "id": "kube",
                        "attributes": {
                            "arn": "arn:aws:iam::941694918503:role/kube",
                            "assume_role_policy": "{\n    \"Version\": \"2012-10-17\",\n    \"Statement\": [{\n        \"Effect\": \"Allow\",\n        \"Principal\": {\"Service\": \"ec2.amazonaws.com\"},\n        \"Action\": \"sts:AssumeRole\"\n    }]\n}\n",
                            "id": "kube",
                            "name": "kube",
                            "path": "/",
                            "unique_id": "AROAJ5CVU4I2SX6JXXFL4"
                        },
                        "meta": {},
                        "tainted": false
                    },
                    "deposed": [],
                    "provider": ""
                },
                "aws_iam_role_policy.kube": {
                    "type": "aws_iam_role_policy",
                    "depends_on": [
                        "aws_iam_role.kube"
                    ],
                    "primary": {
                        "id": "kube:kube",
                        "attributes": {
                            "id": "kube:kube",
                            "name": "kube",
                            "policy": "{\n    \"Version\": \"2012-10-17\",\n    \"Statement\": [\n        {\"Effect\": \"Allow\", \"Action\": [\"ec2:*\"], \"Resource\": [\"*\"]},\n        {\"Effect\": \"Allow\", \"Action\": [\"elasticloadbalancing:*\"], \"Resource\": [\"*\"]},\n        {\"Effect\": \"Allow\", \"Action\": [\"route53:*\"], \"Resource\": [\"*\"]},\n        {\"Effect\": \"Allow\", \"Action\": [\"ecr:*\"], \"Resource\": [\"*\"]}\n    ]\n}\n",
                            "role": "kube"
                        },
                        "meta": {},
                        "tainted": false
                    },
                    "deposed": [],
                    "provider": ""
                },
                "aws_instance.etcd.0": {
                    "type": "aws_instance",
                    "depends_on": [
                        "aws_iam_instance_profile.kube",
                        "aws_security_group.kube",
                        "aws_subnet.kube"
                    ],
                    "primary": {
                        "id": "i-076067779e800d1b9",
                        "attributes": {
                            "ami": "ami-2ef48339",
                            "associate_public_ip_address": "true",
                            "availability_zone": "us-east-1b",
                            "disable_api_termination": "false",
                            "ebs_block_device.#": "0",
                            "ebs_optimized": "false",
                            "ephemeral_block_device.#": "0",
                            "iam_instance_profile": "kubernetes",
                            "id": "i-076067779e800d1b9",
                            "instance_state": "running",
                            "instance_type": "t2.small",
                            "key_name": "kubernetes",
                            "monitoring": "false",
                            "network_interface_id": "eni-8a113297",
                            "private_dns": "ip-10-240-0-24.ec2.internal",
                            "private_ip": "10.240.0.24",
                            "public_dns": "ec2-54-82-211-221.compute-1.amazonaws.com",
                            "public_ip": "54.82.211.221",
                            "root_block_device.#": "1",
                            "root_block_device.0.delete_on_termination": "true",
                            "root_block_device.0.iops": "100",
                            "root_block_device.0.volume_size": "8",
                            "root_block_device.0.volume_type": "gp2",
                            "security_groups.#": "0",
                            "source_dest_check": "true",
                            "subnet_id": "subnet-3629c06d",
                            "tags.%": "1",
                            "tags.Name": "kubernetes-etcd-0",
                            "tenancy": "default",
                            "vpc_security_group_ids.#": "1",
                            "vpc_security_group_ids.303596072": "sg-81553afb"
                        },
                        "meta": {
                            "schema_version": "1"
                        },
                        "tainted": false
                    },
                    "deposed": [],
                    "provider": ""
                },
                "aws_instance.etcd.1": {
                    "type": "aws_instance",
                    "depends_on": [
                        "aws_iam_instance_profile.kube",
                        "aws_security_group.kube",
                        "aws_subnet.kube"
                    ],
                    "primary": {
                        "id": "i-05d89f9d748a02ecd",
                        "attributes": {
                            "ami": "ami-2ef48339",
                            "associate_public_ip_address": "true",
                            "availability_zone": "us-east-1b",
                            "disable_api_termination": "false",
                            "ebs_block_device.#": "0",
                            "ebs_optimized": "false",
                            "ephemeral_block_device.#": "0",
                            "iam_instance_profile": "kubernetes",
                            "id": "i-05d89f9d748a02ecd",
                            "instance_state": "running",
                            "instance_type": "t2.small",
                            "key_name": "kubernetes",
                            "monitoring": "false",
                            "network_interface_id": "eni-ce1231d3",
                            "private_dns": "ip-10-240-0-119.ec2.internal",
                            "private_ip": "10.240.0.119",
                            "public_dns": "ec2-54-88-30-1.compute-1.amazonaws.com",
                            "public_ip": "54.88.30.1",
                            "root_block_device.#": "1",
                            "root_block_device.0.delete_on_termination": "true",
                            "root_block_device.0.iops": "100",
                            "root_block_device.0.volume_size": "8",
                            "root_block_device.0.volume_type": "gp2",
                            "security_groups.#": "0",
                            "source_dest_check": "true",
                            "subnet_id": "subnet-3629c06d",
                            "tags.%": "1",
                            "tags.Name": "kubernetes-etcd-1",
                            "tenancy": "default",
                            "vpc_security_group_ids.#": "1",
                            "vpc_security_group_ids.303596072": "sg-81553afb"
                        },
                        "meta": {
                            "schema_version": "1"
                        },
                        "tainted": false
                    },
                    "deposed": [],
                    "provider": ""
                },
                "aws_instance.etcd.2": {
                    "type": "aws_instance",
                    "depends_on": [
                        "aws_iam_instance_profile.kube",
                        "aws_security_group.kube",
                        "aws_subnet.kube"
                    ],
                    "primary": {
                        "id": "i-0d83ad74e0ce07e04",
                        "attributes": {
                            "ami": "ami-2ef48339",
                            "associate_public_ip_address": "true",
                            "availability_zone": "us-east-1b",
                            "disable_api_termination": "false",
                            "ebs_block_device.#": "0",
                            "ebs_optimized": "false",
                            "ephemeral_block_device.#": "0",
                            "iam_instance_profile": "kubernetes",
                            "id": "i-0d83ad74e0ce07e04",
                            "instance_state": "running",
                            "instance_type": "t2.small",
                            "key_name": "kubernetes",
                            "monitoring": "false",
                            "network_interface_id": "eni-1715360a",
                            "private_dns": "ip-10-240-0-45.ec2.internal",
                            "private_ip": "10.240.0.45",
                            "public_dns": "ec2-54-161-167-17.compute-1.amazonaws.com",
                            "public_ip": "54.161.167.17",
                            "root_block_device.#": "1",
                            "root_block_device.0.delete_on_termination": "true",
                            "root_block_device.0.iops": "100",
                            "root_block_device.0.volume_size": "8",
                            "root_block_device.0.volume_type": "gp2",
                            "security_groups.#": "0",
                            "source_dest_check": "true",
                            "subnet_id": "subnet-3629c06d",
                            "tags.%": "1",
                            "tags.Name": "kubernetes-etcd-2",
                            "tenancy": "default",
                            "vpc_security_group_ids.#": "1",
                            "vpc_security_group_ids.303596072": "sg-81553afb"
                        },
                        "meta": {
                            "schema_version": "1"
                        },
                        "tainted": false
                    },
                    "deposed": [],
                    "provider": ""
                },
                "aws_instance.kube_controller.0": {
                    "type": "aws_instance",
                    "depends_on": [
                        "aws_iam_instance_profile.kube",
                        "aws_security_group.kube",
                        "aws_subnet.kube"
                    ],
                    "primary": {
                        "id": "i-03b86b229df07cff6",
                        "attributes": {
                            "ami": "ami-2ef48339",
                            "associate_public_ip_address": "true",
                            "availability_zone": "us-east-1b",
                            "disable_api_termination": "false",
                            "ebs_block_device.#": "0",
                            "ebs_optimized": "false",
                            "ephemeral_block_device.#": "0",
                            "iam_instance_profile": "kubernetes",
                            "id": "i-03b86b229df07cff6",
                            "instance_state": "running",
                            "instance_type": "t2.small",
                            "key_name": "",
                            "monitoring": "false",
                            "network_interface_id": "eni-18123105",
                            "private_dns": "ip-10-240-0-109.ec2.internal",
                            "private_ip": "10.240.0.109",
                            "public_dns": "ec2-52-90-228-57.compute-1.amazonaws.com",
                            "public_ip": "52.90.228.57",
                            "root_block_device.#": "1",
                            "root_block_device.0.delete_on_termination": "true",
                            "root_block_device.0.iops": "100",
                            "root_block_device.0.volume_size": "8",
                            "root_block_device.0.volume_type": "gp2",
                            "security_groups.#": "0",
                            "source_dest_check": "true",
                            "subnet_id": "subnet-3629c06d",
                            "tags.%": "1",
                            "tags.Name": "kubernetes-controller-0",
                            "tenancy": "default",
                            "vpc_security_group_ids.#": "1",
                            "vpc_security_group_ids.303596072": "sg-81553afb"
                        },
                        "meta": {
                            "schema_version": "1"
                        },
                        "tainted": false
                    },
                    "deposed": [],
                    "provider": ""
                },
                "aws_instance.kube_controller.1": {
                    "type": "aws_instance",
                    "depends_on": [
                        "aws_iam_instance_profile.kube",
                        "aws_security_group.kube",
                        "aws_subnet.kube"
                    ],
                    "primary": {
                        "id": "i-0d905f36928a6d12c",
                        "attributes": {
                            "ami": "ami-2ef48339",
                            "associate_public_ip_address": "true",
                            "availability_zone": "us-east-1b",
                            "disable_api_termination": "false",
                            "ebs_block_device.#": "0",
                            "ebs_optimized": "false",
                            "ephemeral_block_device.#": "0",
                            "iam_instance_profile": "kubernetes",
                            "id": "i-0d905f36928a6d12c",
                            "instance_state": "running",
                            "instance_type": "t2.small",
                            "key_name": "",
                            "monitoring": "false",
                            "network_interface_id": "eni-14153609",
                            "private_dns": "ip-10-240-0-55.ec2.internal",
                            "private_ip": "10.240.0.55",
                            "public_dns": "ec2-52-90-216-129.compute-1.amazonaws.com",
                            "public_ip": "52.90.216.129",
                            "root_block_device.#": "1",
                            "root_block_device.0.delete_on_termination": "true",
                            "root_block_device.0.iops": "100",
                            "root_block_device.0.volume_size": "8",
                            "root_block_device.0.volume_type": "gp2",
                            "security_groups.#": "0",
                            "source_dest_check": "true",
                            "subnet_id": "subnet-3629c06d",
                            "tags.%": "1",
                            "tags.Name": "kubernetes-controller-1",
                            "tenancy": "default",
                            "vpc_security_group_ids.#": "1",
                            "vpc_security_group_ids.303596072": "sg-81553afb"
                        },
                        "meta": {
                            "schema_version": "1"
                        },
                        "tainted": false
                    },
                    "deposed": [],
                    "provider": ""
                },
                "aws_instance.kube_controller.2": {
                    "type": "aws_instance",
                    "depends_on": [
                        "aws_iam_instance_profile.kube",
                        "aws_security_group.kube",
                        "aws_subnet.kube"
                    ],
                    "primary": {
                        "id": "i-05a906ecdb11d44ae",
                        "attributes": {
                            "ami": "ami-2ef48339",
                            "associate_public_ip_address": "true",
                            "availability_zone": "us-east-1b",
                            "disable_api_termination": "false",
                            "ebs_block_device.#": "0",
                            "ebs_optimized": "false",
                            "ephemeral_block_device.#": "0",
                            "iam_instance_profile": "kubernetes",
                            "id": "i-05a906ecdb11d44ae",
                            "instance_state": "running",
                            "instance_type": "t2.small",
                            "key_name": "",
                            "monitoring": "false",
                            "network_interface_id": "eni-7712316a",
                            "private_dns": "ip-10-240-0-63.ec2.internal",
                            "private_ip": "10.240.0.63",
                            "public_dns": "ec2-52-91-32-241.compute-1.amazonaws.com",
                            "public_ip": "52.91.32.241",
                            "root_block_device.#": "1",
                            "root_block_device.0.delete_on_termination": "true",
                            "root_block_device.0.iops": "100",
                            "root_block_device.0.volume_size": "8",
                            "root_block_device.0.volume_type": "gp2",
                            "security_groups.#": "0",
                            "source_dest_check": "true",
                            "subnet_id": "subnet-3629c06d",
                            "tags.%": "1",
                            "tags.Name": "kubernetes-controller-2",
                            "tenancy": "default",
                            "vpc_security_group_ids.#": "1",
                            "vpc_security_group_ids.303596072": "sg-81553afb"
                        },
                        "meta": {
                            "schema_version": "1"
                        },
                        "tainted": false
                    },
                    "deposed": [],
                    "provider": ""
                },
                "aws_instance.kube_worker.0": {
                    "type": "aws_instance",
                    "depends_on": [
                        "aws_iam_instance_profile.kube",
                        "aws_security_group.kube",
                        "aws_subnet.kube"
                    ],
                    "primary": {
                        "id": "i-00d5d57e3b40d2f0a",
                        "attributes": {
                            "ami": "ami-2ef48339",
                            "associate_public_ip_address": "true",
                            "availability_zone": "us-east-1b",
                            "disable_api_termination": "false",
                            "ebs_block_device.#": "0",
                            "ebs_optimized": "false",
                            "ephemeral_block_device.#": "0",
                            "iam_instance_profile": "kubernetes",
                            "id": "i-00d5d57e3b40d2f0a",
                            "instance_state": "running",
                            "instance_type": "t2.small",
                            "key_name": "",
                            "monitoring": "false",
                            "network_interface_id": "eni-b71635aa",
                            "private_dns": "ip-10-240-0-160.ec2.internal",
                            "private_ip": "10.240.0.160",
                            "public_dns": "ec2-54-159-238-41.compute-1.amazonaws.com",
                            "public_ip": "54.159.238.41",
                            "root_block_device.#": "1",
                            "root_block_device.0.delete_on_termination": "true",
                            "root_block_device.0.iops": "100",
                            "root_block_device.0.volume_size": "8",
                            "root_block_device.0.volume_type": "gp2",
                            "security_groups.#": "0",
                            "source_dest_check": "true",
                            "subnet_id": "subnet-3629c06d",
                            "tags.%": "1",
                            "tags.Name": "kubernetes-worker-0",
                            "tenancy": "default",
                            "vpc_security_group_ids.#": "1",
                            "vpc_security_group_ids.303596072": "sg-81553afb"
                        },
                        "meta": {
                            "schema_version": "1"
                        },
                        "tainted": false
                    },
                    "deposed": [],
                    "provider": ""
                },
                "aws_instance.kube_worker.1": {
                    "type": "aws_instance",
                    "depends_on": [
                        "aws_iam_instance_profile.kube",
                        "aws_security_group.kube",
                        "aws_subnet.kube"
                    ],
                    "primary": {
                        "id": "i-0ae3f47960f784e27",
                        "attributes": {
                            "ami": "ami-2ef48339",
                            "associate_public_ip_address": "true",
                            "availability_zone": "us-east-1b",
                            "disable_api_termination": "false",
                            "ebs_block_device.#": "0",
                            "ebs_optimized": "false",
                            "ephemeral_block_device.#": "0",
                            "iam_instance_profile": "kubernetes",
                            "id": "i-0ae3f47960f784e27",
                            "instance_state": "running",
                            "instance_type": "t2.small",
                            "key_name": "",
                            "monitoring": "false",
                            "network_interface_id": "eni-64153679",
                            "private_dns": "ip-10-240-0-210.ec2.internal",
                            "private_ip": "10.240.0.210",
                            "public_dns": "ec2-52-91-223-82.compute-1.amazonaws.com",
                            "public_ip": "52.91.223.82",
                            "root_block_device.#": "1",
                            "root_block_device.0.delete_on_termination": "true",
                            "root_block_device.0.iops": "100",
                            "root_block_device.0.volume_size": "8",
                            "root_block_device.0.volume_type": "gp2",
                            "security_groups.#": "0",
                            "source_dest_check": "true",
                            "subnet_id": "subnet-3629c06d",
                            "tags.%": "1",
                            "tags.Name": "kubernetes-worker-1",
                            "tenancy": "default",
                            "vpc_security_group_ids.#": "1",
                            "vpc_security_group_ids.303596072": "sg-81553afb"
                        },
                        "meta": {
                            "schema_version": "1"
                        },
                        "tainted": false
                    },
                    "deposed": [],
                    "provider": ""
                },
                "aws_instance.kube_worker.2": {
                    "type": "aws_instance",
                    "depends_on": [
                        "aws_iam_instance_profile.kube",
                        "aws_security_group.kube",
                        "aws_subnet.kube"
                    ],
                    "primary": {
                        "id": "i-0c64de4a0a1cb6269",
                        "attributes": {
                            "ami": "ami-2ef48339",
                            "associate_public_ip_address": "true",
                            "availability_zone": "us-east-1b",
                            "disable_api_termination": "false",
                            "ebs_block_device.#": "0",
                            "ebs_optimized": "false",
                            "ephemeral_block_device.#": "0",
                            "iam_instance_profile": "kubernetes",
                            "id": "i-0c64de4a0a1cb6269",
                            "instance_state": "running",
                            "instance_type": "t2.small",
                            "key_name": "",
                            "monitoring": "false",
                            "network_interface_id": "eni-8c143791",
                            "private_dns": "ip-10-240-0-146.ec2.internal",
                            "private_ip": "10.240.0.146",
                            "public_dns": "ec2-54-158-152-234.compute-1.amazonaws.com",
                            "public_ip": "54.158.152.234",
                            "root_block_device.#": "1",
                            "root_block_device.0.delete_on_termination": "true",
                            "root_block_device.0.iops": "100",
                            "root_block_device.0.volume_size": "8",
                            "root_block_device.0.volume_type": "gp2",
                            "security_groups.#": "0",
                            "source_dest_check": "true",
                            "subnet_id": "subnet-3629c06d",
                            "tags.%": "1",
                            "tags.Name": "kubernetes-worker-2",
                            "tenancy": "default",
                            "vpc_security_group_ids.#": "1",
                            "vpc_security_group_ids.303596072": "sg-81553afb"
                        },
                        "meta": {
                            "schema_version": "1"
                        },
                        "tainted": false
                    },
                    "deposed": [],
                    "provider": ""
                },
                "aws_internet_gateway.kube": {
                    "type": "aws_internet_gateway",
                    "depends_on": [
                        "aws_vpc.kube"
                    ],
                    "primary": {
                        "id": "igw-3da44d5a",
                        "attributes": {
                            "id": "igw-3da44d5a",
                            "tags.%": "1",
                            "tags.Name": "kubernetes",
                            "vpc_id": "vpc-f4bde493"
                        },
                        "meta": {},
                        "tainted": false
                    },
                    "deposed": [],
                    "provider": ""
                },
                "aws_key_pair.kube": {
                    "type": "aws_key_pair",
                    "depends_on": [],
                    "primary": {
                        "id": "kubernetes",
                        "attributes": {
                            "id": "kubernetes",
                            "key_name": "kubernetes",
                            "public_key": "ssh-rsa AAAAB3NzaC1yc2EAAAADAQABAAABAQC23OoHte9IYbKQPH7FhKMTd1MQeHVssd6Bw59b19kY6gHMVLvv8hQQhi9gY6Sxwnakn7M/wHfSRZdUKT7JlxrxR8qtOlFZTLFVQrharUsUR12zg5N9LgjUHaDvJsRo8A8mmUO8f3k2O+5spgjWnfQxyX0xbf8qqZHbR8/WCgkh1BAOm3yXsqUzLa2G6Jqzml8rZSqa1j8ldQjwthbswZ9W3SZ5hleuoYMrqESaMKG0JHkK6Q4Zt5CKrea5V3iT8jnExoYsdAj5RgycNaPTMp/xREIfFwypRHr2Rqjt7KYVhs3H9GJLS2E64f8dz6/xTwvpl9n/1Aghn5AZC/oxoS97 kevin@dschubba"
                        },
                        "meta": {
                            "schema_version": "1"
                        },
                        "tainted": false
                    },
                    "deposed": [],
                    "provider": ""
                },
                "aws_route_table.kube": {
                    "type": "aws_route_table",
                    "depends_on": [
                        "aws_internet_gateway.kube",
                        "aws_vpc.kube"
                    ],
                    "primary": {
                        "id": "rtb-d4ca76b2",
                        "attributes": {
                            "id": "rtb-d4ca76b2",
                            "propagating_vgws.#": "0",
                            "route.#": "1",
                            "route.2024783688.cidr_block": "0.0.0.0/0",
                            "route.2024783688.gateway_id": "igw-3da44d5a",
                            "route.2024783688.instance_id": "",
                            "route.2024783688.nat_gateway_id": "",
                            "route.2024783688.network_interface_id": "",
                            "route.2024783688.vpc_peering_connection_id": "",
                            "tags.%": "0",
                            "vpc_id": "vpc-f4bde493"
                        },
                        "meta": {},
                        "tainted": false
                    },
                    "deposed": [],
                    "provider": ""
                },
                "aws_route_table_association.kube": {
                    "type": "aws_route_table_association",
                    "depends_on": [
                        "aws_route_table.kube",
                        "aws_subnet.kube"
                    ],
                    "primary": {
                        "id": "rtbassoc-37af024e",
                        "attributes": {
                            "id": "rtbassoc-37af024e",
                            "route_table_id": "rtb-d4ca76b2",
                            "subnet_id": "subnet-3629c06d"
                        },
                        "meta": {},
                        "tainted": false
                    },
                    "deposed": [],
                    "provider": ""
                },
                "aws_security_group.kube": {
                    "type": "aws_security_group",
                    "depends_on": [
                        "aws_vpc.kube"
                    ],
                    "primary": {
                        "id": "sg-81553afb",
                        "attributes": {
                            "description": "Security group for Kubernetes",
                            "egress.#": "1",
                            "egress.482069346.cidr_blocks.#": "1",
                            "egress.482069346.cidr_blocks.0": "0.0.0.0/0",
                            "egress.482069346.from_port": "0",
                            "egress.482069346.prefix_list_ids.#": "0",
                            "egress.482069346.protocol": "-1",
                            "egress.482069346.security_groups.#": "0",
                            "egress.482069346.self": "false",
                            "egress.482069346.to_port": "0",
                            "id": "sg-81553afb",
                            "ingress.#": "3",
                            "ingress.1911780872.cidr_blocks.#": "1",
                            "ingress.1911780872.cidr_blocks.0": "0.0.0.0/0",
                            "ingress.1911780872.from_port": "0",
                            "ingress.1911780872.protocol": "tcp",
                            "ingress.1911780872.security_groups.#": "0",
                            "ingress.1911780872.self": "false",
                            "ingress.1911780872.to_port": "22",
                            "ingress.2303961675.cidr_blocks.#": "1",
                            "ingress.2303961675.cidr_blocks.0": "10.240.0.0/16",
                            "ingress.2303961675.from_port": "0",
                            "ingress.2303961675.protocol": "-1",
                            "ingress.2303961675.security_groups.#": "0",
                            "ingress.2303961675.self": "false",
                            "ingress.2303961675.to_port": "0",
                            "ingress.3402901047.cidr_blocks.#": "1",
                            "ingress.3402901047.cidr_blocks.0": "0.0.0.0/0",
                            "ingress.3402901047.from_port": "0",
                            "ingress.3402901047.protocol": "tcp",
                            "ingress.3402901047.security_groups.#": "0",
                            "ingress.3402901047.self": "false",
                            "ingress.3402901047.to_port": "6443",
                            "name": "kubernetes",
                            "owner_id": "941694918503",
                            "tags.%": "1",
                            "tags.Name": "kubernetes",
                            "vpc_id": "vpc-f4bde493"
                        },
                        "meta": {},
                        "tainted": false
                    },
                    "deposed": [],
                    "provider": ""
                },
                "aws_subnet.kube": {
                    "type": "aws_subnet",
                    "depends_on": [
                        "aws_vpc.kube"
                    ],
                    "primary": {
                        "id": "subnet-3629c06d",
                        "attributes": {
                            "availability_zone": "us-east-1b",
                            "cidr_block": "10.240.0.0/24",
                            "id": "subnet-3629c06d",
                            "map_public_ip_on_launch": "false",
                            "tags.%": "1",
                            "tags.Name": "kubernetes",
                            "vpc_id": "vpc-f4bde493"
                        },
                        "meta": {},
                        "tainted": false
                    },
                    "deposed": [],
                    "provider": ""
                },
                "aws_vpc.kube": {
                    "type": "aws_vpc",
                    "depends_on": [],
                    "primary": {
                        "id": "vpc-f4bde493",
                        "attributes": {
                            "cidr_block": "10.240.0.0/16",
                            "default_network_acl_id": "acl-f0beaa97",
                            "default_route_table_id": "rtb-c0ca76a6",
                            "default_security_group_id": "sg-8a553af0",
                            "dhcp_options_id": "dopt-ac6626c8",
                            "enable_classiclink": "false",
                            "enable_dns_hostnames": "true",
                            "enable_dns_support": "true",
                            "id": "vpc-f4bde493",
                            "instance_tenancy": "default",
                            "main_route_table_id": "rtb-c0ca76a6",
                            "tags.%": "1",
                            "tags.Name": "kubernetes"
                        },
                        "meta": {},
                        "tainted": false
                    },
                    "deposed": [],
                    "provider": ""
                },
                "aws_vpc_dhcp_options.kube": {
                    "type": "aws_vpc_dhcp_options",
                    "depends_on": [],
                    "primary": {
                        "id": "dopt-ac6626c8",
                        "attributes": {
                            "domain_name": "us-east-1.compute.internal",
                            "domain_name_servers.#": "1",
                            "domain_name_servers.0": "AmazonProvidedDNS",
                            "id": "dopt-ac6626c8",
                            "tags.%": "0"
                        },
                        "meta": {},
                        "tainted": false
                    },
                    "deposed": [],
                    "provider": ""
                },
                "aws_vpc_dhcp_options_association.kube": {
                    "type": "aws_vpc_dhcp_options_association",
                    "depends_on": [
                        "aws_vpc.kube",
                        "aws_vpc_dhcp_options.kube"
                    ],
                    "primary": {
                        "id": "dopt-ac6626c8-vpc-f4bde493",
                        "attributes": {
                            "dhcp_options_id": "dopt-ac6626c8",
                            "id": "dopt-ac6626c8-vpc-f4bde493",
                            "vpc_id": "vpc-f4bde493"
                        },
                        "meta": {},
                        "tainted": false
                    },
                    "deposed": [],
                    "provider": ""
                }
            },
            "depends_on": []
        }
    ]
}
