{
    "version": 3,
    "terraform_version": "0.7.3",
    "serial": 4,
    "lineage": "0cca3811-1a81-400d-b949-606c0fef4fcd",
    "modules": [
        {
            "path": [
                "root"
            ],
            "outputs": {
                "foo": {
                    "sensitive": false,
                    "type": "string",
                    "value": "kube"
                }
            },
            "resources": {
                "aws_elb.kube": {
                    "type": "aws_elb",
                    "depends_on": [
                        "aws_security_group.kube",
                        "aws_subnet.kube"
                    ],
                    "primary": {
                        "id": "kubernetes",
                        "attributes": {
                            "access_logs.#": "0",
                            "availability_zones.#": "1",
                            "availability_zones.1305112097": "us-east-1b",
                            "connection_draining": "false",
                            "connection_draining_timeout": "300",
                            "cross_zone_load_balancing": "true",
                            "dns_name": "kubernetes-1082821171.us-east-1.elb.amazonaws.com",
                            "health_check.#": "1",
                            "health_check.0.healthy_threshold": "10",
                            "health_check.0.interval": "30",
                            "health_check.0.target": "TCP:6443",
                            "health_check.0.timeout": "5",
                            "health_check.0.unhealthy_threshold": "2",
                            "id": "kubernetes",
                            "idle_timeout": "60",
                            "instances.#": "0",
                            "internal": "false",
                            "listener.#": "1",
                            "listener.3838681924.instance_port": "6443",
                            "listener.3838681924.instance_protocol": "tcp",
                            "listener.3838681924.lb_port": "6443",
                            "listener.3838681924.lb_protocol": "tcp",
                            "listener.3838681924.ssl_certificate_id": "",
                            "name": "kubernetes",
                            "security_groups.#": "1",
                            "security_groups.864873049": "sg-2de88757",
                            "source_security_group": "941694918503/kubernetes",
                            "source_security_group_id": "sg-2de88757",
                            "subnets.#": "1",
                            "subnets.3127325446": "subnet-a731d8fc",
                            "tags.%": "0",
                            "zone_id": "Z35SXDOTRQ7X7K"
                        },
                        "meta": {},
                        "tainted": false
                    },
                    "deposed": [],
                    "provider": ""
                },
                "aws_iam_instance_profile.kube": {
                    "type": "aws_iam_instance_profile",
                    "depends_on": [
                        "aws_iam_role.kube"
                    ],
                    "primary": {
                        "id": "kubernetes-instance-profile",
                        "attributes": {
                            "arn": "arn:aws:iam::941694918503:instance-profile/kubernetes-instance-profile",
                            "id": "kubernetes-instance-profile",
                            "name": "kubernetes-instance-profile",
                            "path": "/",
                            "roles.#": "1",
                            "roles.4115306839": "kube"
                        },
                        "meta": {},
                        "tainted": false
                    },
                    "deposed": [],
                    "provider": ""
                },
                "aws_iam_role.kube": {
                    "type": "aws_iam_role",
                    "depends_on": [],
                    "primary": {
                        "id": "kube",
                        "attributes": {
                            "arn": "arn:aws:iam::941694918503:role/kube",
                            "assume_role_policy": "{\n    \"Version\": \"2012-10-17\",\n    \"Statement\": [{\n        \"Effect\": \"Allow\",\n        \"Principal\": {\"Service\": \"ec2.amazonaws.com\"},\n        \"Action\": \"sts:AssumeRole\"\n    }]\n}\n",
                            "id": "kube",
                            "name": "kube",
                            "path": "/",
                            "unique_id": "AROAJAOBR7VB66522GK5U"
                        },
                        "meta": {},
                        "tainted": false
                    },
                    "deposed": [],
                    "provider": ""
                },
                "aws_iam_role_policy.kube": {
                    "type": "aws_iam_role_policy",
                    "depends_on": [
                        "aws_iam_role.kube"
                    ],
                    "primary": {
                        "id": "kube:kube",
                        "attributes": {
                            "id": "kube:kube",
                            "name": "kube",
                            "policy": "{\n    \"Version\": \"2012-10-17\",\n    \"Statement\": [\n        {\"Effect\": \"Allow\", \"Action\": [\"ec2:*\"], \"Resource\": [\"*\"]},\n        {\"Effect\": \"Allow\", \"Action\": [\"elasticloadbalancing:*\"], \"Resource\": [\"*\"]},\n        {\"Effect\": \"Allow\", \"Action\": [\"route53:*\"], \"Resource\": [\"*\"]},\n        {\"Effect\": \"Allow\", \"Action\": [\"ecr:*\"], \"Resource\": [\"*\"]}\n    ]\n}\n",
                            "role": "kube"
                        },
                        "meta": {},
                        "tainted": false
                    },
                    "deposed": [],
                    "provider": ""
                },
                "aws_instance.etcd.0": {
                    "type": "aws_instance",
                    "depends_on": [
                        "aws_iam_instance_profile.kube",
                        "aws_security_group.kube",
                        "aws_subnet.kube"
                    ],
                    "primary": {
                        "id": "i-028aa2ed0d7b5c718",
                        "attributes": {
                            "ami": "ami-2ef48339",
                            "associate_public_ip_address": "true",
                            "availability_zone": "us-east-1b",
                            "disable_api_termination": "false",
                            "ebs_block_device.#": "0",
                            "ebs_optimized": "false",
                            "ephemeral_block_device.#": "0",
                            "iam_instance_profile": "kubernetes-instance-profile",
                            "id": "i-028aa2ed0d7b5c718",
                            "instance_state": "running",
                            "instance_type": "t2.small",
                            "key_name": "kubernetes",
                            "monitoring": "false",
                            "network_interface_id": "eni-c50a28d8",
                            "private_dns": "ip-10-240-0-145.ec2.internal",
                            "private_ip": "10.240.0.145",
                            "public_dns": "ec2-54-82-187-58.compute-1.amazonaws.com",
                            "public_ip": "54.82.187.58",
                            "root_block_device.#": "1",
                            "root_block_device.0.delete_on_termination": "true",
                            "root_block_device.0.iops": "100",
                            "root_block_device.0.volume_size": "8",
                            "root_block_device.0.volume_type": "gp2",
                            "security_groups.#": "0",
                            "source_dest_check": "true",
                            "subnet_id": "subnet-a731d8fc",
                            "tags.%": "1",
                            "tags.Name": "kubernetes-etcd-0",
                            "tenancy": "default",
                            "vpc_security_group_ids.#": "1",
                            "vpc_security_group_ids.864873049": "sg-2de88757"
                        },
                        "meta": {
                            "schema_version": "1"
                        },
                        "tainted": false
                    },
                    "deposed": [],
                    "provider": ""
                },
                "aws_instance.etcd.1": {
                    "type": "aws_instance",
                    "depends_on": [
                        "aws_iam_instance_profile.kube",
                        "aws_security_group.kube",
                        "aws_subnet.kube"
                    ],
                    "primary": {
                        "id": "i-0505853f35b503ead",
                        "attributes": {
                            "ami": "ami-2ef48339",
                            "associate_public_ip_address": "true",
                            "availability_zone": "us-east-1b",
                            "disable_api_termination": "false",
                            "ebs_block_device.#": "0",
                            "ebs_optimized": "false",
                            "ephemeral_block_device.#": "0",
                            "iam_instance_profile": "kubernetes-instance-profile",
                            "id": "i-0505853f35b503ead",
                            "instance_state": "running",
                            "instance_type": "t2.small",
                            "key_name": "kubernetes",
                            "monitoring": "false",
                            "network_interface_id": "eni-250b2938",
                            "private_dns": "ip-10-240-0-69.ec2.internal",
                            "private_ip": "10.240.0.69",
                            "public_dns": "ec2-54-88-4-131.compute-1.amazonaws.com",
                            "public_ip": "54.88.4.131",
                            "root_block_device.#": "1",
                            "root_block_device.0.delete_on_termination": "true",
                            "root_block_device.0.iops": "100",
                            "root_block_device.0.volume_size": "8",
                            "root_block_device.0.volume_type": "gp2",
                            "security_groups.#": "0",
                            "source_dest_check": "true",
                            "subnet_id": "subnet-a731d8fc",
                            "tags.%": "1",
                            "tags.Name": "kubernetes-etcd-1",
                            "tenancy": "default",
                            "vpc_security_group_ids.#": "1",
                            "vpc_security_group_ids.864873049": "sg-2de88757"
                        },
                        "meta": {
                            "schema_version": "1"
                        },
                        "tainted": false
                    },
                    "deposed": [],
                    "provider": ""
                },
                "aws_instance.etcd.2": {
                    "type": "aws_instance",
                    "depends_on": [
                        "aws_iam_instance_profile.kube",
                        "aws_security_group.kube",
                        "aws_subnet.kube"
                    ],
                    "primary": {
                        "id": "i-0748c206630728766",
                        "attributes": {
                            "ami": "ami-2ef48339",
                            "associate_public_ip_address": "true",
                            "availability_zone": "us-east-1b",
                            "disable_api_termination": "false",
                            "ebs_block_device.#": "0",
                            "ebs_optimized": "false",
                            "ephemeral_block_device.#": "0",
                            "iam_instance_profile": "kubernetes-instance-profile",
                            "id": "i-0748c206630728766",
                            "instance_state": "running",
                            "instance_type": "t2.small",
                            "key_name": "kubernetes",
                            "monitoring": "false",
                            "network_interface_id": "eni-7e002263",
                            "private_dns": "ip-10-240-0-18.ec2.internal",
                            "private_ip": "10.240.0.18",
                            "public_dns": "ec2-52-91-68-204.compute-1.amazonaws.com",
                            "public_ip": "52.91.68.204",
                            "root_block_device.#": "1",
                            "root_block_device.0.delete_on_termination": "true",
                            "root_block_device.0.iops": "100",
                            "root_block_device.0.volume_size": "8",
                            "root_block_device.0.volume_type": "gp2",
                            "security_groups.#": "0",
                            "source_dest_check": "true",
                            "subnet_id": "subnet-a731d8fc",
                            "tags.%": "1",
                            "tags.Name": "kubernetes-etcd-2",
                            "tenancy": "default",
                            "vpc_security_group_ids.#": "1",
                            "vpc_security_group_ids.864873049": "sg-2de88757"
                        },
                        "meta": {
                            "schema_version": "1"
                        },
                        "tainted": false
                    },
                    "deposed": [],
                    "provider": ""
                },
                "aws_instance.kube_controller.0": {
                    "type": "aws_instance",
                    "depends_on": [
                        "aws_iam_instance_profile.kube",
                        "aws_security_group.kube",
                        "aws_subnet.kube"
                    ],
                    "primary": {
                        "id": "i-0d95d350bed7c2223",
                        "attributes": {
                            "ami": "ami-2ef48339",
                            "associate_public_ip_address": "true",
                            "availability_zone": "us-east-1b",
                            "disable_api_termination": "false",
                            "ebs_block_device.#": "0",
                            "ebs_optimized": "false",
                            "ephemeral_block_device.#": "0",
                            "iam_instance_profile": "kubernetes-instance-profile",
                            "id": "i-0d95d350bed7c2223",
                            "instance_state": "running",
                            "instance_type": "t2.small",
                            "key_name": "kubernetes",
                            "monitoring": "false",
                            "network_interface_id": "eni-200a283d",
                            "private_dns": "ip-10-240-0-68.ec2.internal",
                            "private_ip": "10.240.0.68",
                            "public_dns": "ec2-54-158-137-18.compute-1.amazonaws.com",
                            "public_ip": "54.158.137.18",
                            "root_block_device.#": "1",
                            "root_block_device.0.delete_on_termination": "true",
                            "root_block_device.0.iops": "100",
                            "root_block_device.0.volume_size": "8",
                            "root_block_device.0.volume_type": "gp2",
                            "security_groups.#": "0",
                            "source_dest_check": "true",
                            "subnet_id": "subnet-a731d8fc",
                            "tags.%": "1",
                            "tags.Name": "kubernetes-controller-0",
                            "tenancy": "default",
                            "vpc_security_group_ids.#": "1",
                            "vpc_security_group_ids.864873049": "sg-2de88757"
                        },
                        "meta": {
                            "schema_version": "1"
                        },
                        "tainted": false
                    },
                    "deposed": [],
                    "provider": ""
                },
                "aws_instance.kube_controller.1": {
                    "type": "aws_instance",
                    "depends_on": [
                        "aws_iam_instance_profile.kube",
                        "aws_security_group.kube",
                        "aws_subnet.kube"
                    ],
                    "primary": {
                        "id": "i-09b659c23844e90a3",
                        "attributes": {
                            "ami": "ami-2ef48339",
                            "associate_public_ip_address": "true",
                            "availability_zone": "us-east-1b",
                            "disable_api_termination": "false",
                            "ebs_block_device.#": "0",
                            "ebs_optimized": "false",
                            "ephemeral_block_device.#": "0",
                            "iam_instance_profile": "kubernetes-instance-profile",
                            "id": "i-09b659c23844e90a3",
                            "instance_state": "running",
                            "instance_type": "t2.small",
                            "key_name": "kubernetes",
                            "monitoring": "false",
                            "network_interface_id": "eni-78052765",
                            "private_dns": "ip-10-240-0-217.ec2.internal",
                            "private_ip": "10.240.0.217",
                            "public_dns": "ec2-52-90-164-53.compute-1.amazonaws.com",
                            "public_ip": "52.90.164.53",
                            "root_block_device.#": "1",
                            "root_block_device.0.delete_on_termination": "true",
                            "root_block_device.0.iops": "100",
                            "root_block_device.0.volume_size": "8",
                            "root_block_device.0.volume_type": "gp2",
                            "security_groups.#": "0",
                            "source_dest_check": "true",
                            "subnet_id": "subnet-a731d8fc",
                            "tags.%": "1",
                            "tags.Name": "kubernetes-controller-1",
                            "tenancy": "default",
                            "vpc_security_group_ids.#": "1",
                            "vpc_security_group_ids.864873049": "sg-2de88757"
                        },
                        "meta": {
                            "schema_version": "1"
                        },
                        "tainted": false
                    },
                    "deposed": [],
                    "provider": ""
                },
                "aws_instance.kube_controller.2": {
                    "type": "aws_instance",
                    "depends_on": [
                        "aws_iam_instance_profile.kube",
                        "aws_security_group.kube",
                        "aws_subnet.kube"
                    ],
                    "primary": {
                        "id": "i-01b8c6a64bd507c74",
                        "attributes": {
                            "ami": "ami-2ef48339",
                            "associate_public_ip_address": "true",
                            "availability_zone": "us-east-1b",
                            "disable_api_termination": "false",
                            "ebs_block_device.#": "0",
                            "ebs_optimized": "false",
                            "ephemeral_block_device.#": "0",
                            "iam_instance_profile": "kubernetes-instance-profile",
                            "id": "i-01b8c6a64bd507c74",
                            "instance_state": "running",
                            "instance_type": "t2.small",
                            "key_name": "kubernetes",
                            "monitoring": "false",
                            "network_interface_id": "eni-76082a6b",
                            "private_dns": "ip-10-240-0-192.ec2.internal",
                            "private_ip": "10.240.0.192",
                            "public_dns": "ec2-52-90-50-255.compute-1.amazonaws.com",
                            "public_ip": "52.90.50.255",
                            "root_block_device.#": "1",
                            "root_block_device.0.delete_on_termination": "true",
                            "root_block_device.0.iops": "100",
                            "root_block_device.0.volume_size": "8",
                            "root_block_device.0.volume_type": "gp2",
                            "security_groups.#": "0",
                            "source_dest_check": "true",
                            "subnet_id": "subnet-a731d8fc",
                            "tags.%": "1",
                            "tags.Name": "kubernetes-controller-2",
                            "tenancy": "default",
                            "vpc_security_group_ids.#": "1",
                            "vpc_security_group_ids.864873049": "sg-2de88757"
                        },
                        "meta": {
                            "schema_version": "1"
                        },
                        "tainted": false
                    },
                    "deposed": [],
                    "provider": ""
                },
                "aws_instance.kube_worker.0": {
                    "type": "aws_instance",
                    "depends_on": [
                        "aws_iam_instance_profile.kube",
                        "aws_security_group.kube",
                        "aws_subnet.kube"
                    ],
                    "primary": {
                        "id": "i-007f957326851b197",
                        "attributes": {
                            "ami": "ami-2ef48339",
                            "associate_public_ip_address": "true",
                            "availability_zone": "us-east-1b",
                            "disable_api_termination": "false",
                            "ebs_block_device.#": "0",
                            "ebs_optimized": "false",
                            "ephemeral_block_device.#": "0",
                            "iam_instance_profile": "kubernetes-instance-profile",
                            "id": "i-007f957326851b197",
                            "instance_state": "running",
                            "instance_type": "t2.small",
                            "key_name": "kubernetes",
                            "monitoring": "false",
                            "network_interface_id": "eni-a70022ba",
                            "private_dns": "ip-10-240-0-114.ec2.internal",
                            "private_ip": "10.240.0.114",
                            "public_dns": "ec2-54-89-123-244.compute-1.amazonaws.com",
                            "public_ip": "54.89.123.244",
                            "root_block_device.#": "1",
                            "root_block_device.0.delete_on_termination": "true",
                            "root_block_device.0.iops": "100",
                            "root_block_device.0.volume_size": "8",
                            "root_block_device.0.volume_type": "gp2",
                            "security_groups.#": "0",
                            "source_dest_check": "true",
                            "subnet_id": "subnet-a731d8fc",
                            "tags.%": "1",
                            "tags.Name": "kubernetes-worker-0",
                            "tenancy": "default",
                            "vpc_security_group_ids.#": "1",
                            "vpc_security_group_ids.864873049": "sg-2de88757"
                        },
                        "meta": {
                            "schema_version": "1"
                        },
                        "tainted": false
                    },
                    "deposed": [],
                    "provider": ""
                },
                "aws_instance.kube_worker.1": {
                    "type": "aws_instance",
                    "depends_on": [
                        "aws_iam_instance_profile.kube",
                        "aws_security_group.kube",
                        "aws_subnet.kube"
                    ],
                    "primary": {
                        "id": "i-091a4cf205c1326ca",
                        "attributes": {
                            "ami": "ami-2ef48339",
                            "associate_public_ip_address": "true",
                            "availability_zone": "us-east-1b",
                            "disable_api_termination": "false",
                            "ebs_block_device.#": "0",
                            "ebs_optimized": "false",
                            "ephemeral_block_device.#": "0",
                            "iam_instance_profile": "kubernetes-instance-profile",
                            "id": "i-091a4cf205c1326ca",
                            "instance_state": "running",
                            "instance_type": "t2.small",
                            "key_name": "kubernetes",
                            "monitoring": "false",
                            "network_interface_id": "eni-e40426f9",
                            "private_dns": "ip-10-240-0-131.ec2.internal",
                            "private_ip": "10.240.0.131",
                            "public_dns": "ec2-52-87-211-168.compute-1.amazonaws.com",
                            "public_ip": "52.87.211.168",
                            "root_block_device.#": "1",
                            "root_block_device.0.delete_on_termination": "true",
                            "root_block_device.0.iops": "100",
                            "root_block_device.0.volume_size": "8",
                            "root_block_device.0.volume_type": "gp2",
                            "security_groups.#": "0",
                            "source_dest_check": "true",
                            "subnet_id": "subnet-a731d8fc",
                            "tags.%": "1",
                            "tags.Name": "kubernetes-worker-1",
                            "tenancy": "default",
                            "vpc_security_group_ids.#": "1",
                            "vpc_security_group_ids.864873049": "sg-2de88757"
                        },
                        "meta": {
                            "schema_version": "1"
                        },
                        "tainted": false
                    },
                    "deposed": [],
                    "provider": ""
                },
                "aws_instance.kube_worker.2": {
                    "type": "aws_instance",
                    "depends_on": [
                        "aws_iam_instance_profile.kube",
                        "aws_security_group.kube",
                        "aws_subnet.kube"
                    ],
                    "primary": {
                        "id": "i-05f4075a764e2485e",
                        "attributes": {
                            "ami": "ami-2ef48339",
                            "associate_public_ip_address": "true",
                            "availability_zone": "us-east-1b",
                            "disable_api_termination": "false",
                            "ebs_block_device.#": "0",
                            "ebs_optimized": "false",
                            "ephemeral_block_device.#": "0",
                            "iam_instance_profile": "kubernetes-instance-profile",
                            "id": "i-05f4075a764e2485e",
                            "instance_state": "running",
                            "instance_type": "t2.small",
                            "key_name": "kubernetes",
                            "monitoring": "false",
                            "network_interface_id": "eni-060a281b",
                            "private_dns": "ip-10-240-0-59.ec2.internal",
                            "private_ip": "10.240.0.59",
                            "public_dns": "ec2-54-160-173-38.compute-1.amazonaws.com",
                            "public_ip": "54.160.173.38",
                            "root_block_device.#": "1",
                            "root_block_device.0.delete_on_termination": "true",
                            "root_block_device.0.iops": "100",
                            "root_block_device.0.volume_size": "8",
                            "root_block_device.0.volume_type": "gp2",
                            "security_groups.#": "0",
                            "source_dest_check": "true",
                            "subnet_id": "subnet-a731d8fc",
                            "tags.%": "1",
                            "tags.Name": "kubernetes-worker-2",
                            "tenancy": "default",
                            "vpc_security_group_ids.#": "1",
                            "vpc_security_group_ids.864873049": "sg-2de88757"
                        },
                        "meta": {
                            "schema_version": "1"
                        },
                        "tainted": false
                    },
                    "deposed": [],
                    "provider": ""
                },
                "aws_internet_gateway.kube": {
                    "type": "aws_internet_gateway",
                    "depends_on": [
                        "aws_vpc.kube"
                    ],
                    "primary": {
                        "id": "igw-6f836a08",
                        "attributes": {
                            "id": "igw-6f836a08",
                            "tags.%": "1",
                            "tags.Name": "kubernetes",
                            "vpc_id": "vpc-4cda832b"
                        },
                        "meta": {},
                        "tainted": false
                    },
                    "deposed": [],
                    "provider": ""
                },
                "aws_key_pair.kube": {
                    "type": "aws_key_pair",
                    "depends_on": [],
                    "primary": {
                        "id": "kubernetes",
                        "attributes": {
                            "fingerprint": "2c:7f:f5:8f:f9:66:6c:bb:79:31:d2:d2:c6:9d:15:cc",
                            "id": "kubernetes",
                            "key_name": "kubernetes",
                            "public_key": "ssh-rsa AAAAB3NzaC1yc2EAAAADAQABAAABAQC23OoHte9IYbKQPH7FhKMTd1MQeHVssd6Bw59b19kY6gHMVLvv8hQQhi9gY6Sxwnakn7M/wHfSRZdUKT7JlxrxR8qtOlFZTLFVQrharUsUR12zg5N9LgjUHaDvJsRo8A8mmUO8f3k2O+5spgjWnfQxyX0xbf8qqZHbR8/WCgkh1BAOm3yXsqUzLa2G6Jqzml8rZSqa1j8ldQjwthbswZ9W3SZ5hleuoYMrqESaMKG0JHkK6Q4Zt5CKrea5V3iT8jnExoYsdAj5RgycNaPTMp/xREIfFwypRHr2Rqjt7KYVhs3H9GJLS2E64f8dz6/xTwvpl9n/1Aghn5AZC/oxoS97 kevin@dschubba"
                        },
                        "meta": {
                            "schema_version": "1"
                        },
                        "tainted": false
                    },
                    "deposed": [],
                    "provider": ""
                },
                "aws_route_table.kube": {
                    "type": "aws_route_table",
                    "depends_on": [
                        "aws_internet_gateway.kube",
                        "aws_vpc.kube"
                    ],
                    "primary": {
                        "id": "rtb-c3a71ba5",
                        "attributes": {
                            "id": "rtb-c3a71ba5",
                            "propagating_vgws.#": "0",
                            "route.#": "1",
                            "route.2000370278.cidr_block": "0.0.0.0/0",
                            "route.2000370278.gateway_id": "igw-6f836a08",
                            "route.2000370278.instance_id": "",
                            "route.2000370278.nat_gateway_id": "",
                            "route.2000370278.network_interface_id": "",
                            "route.2000370278.vpc_peering_connection_id": "",
                            "tags.%": "0",
                            "vpc_id": "vpc-4cda832b"
                        },
                        "meta": {},
                        "tainted": false
                    },
                    "deposed": [],
                    "provider": ""
                },
                "aws_route_table_association.kube": {
                    "type": "aws_route_table_association",
                    "depends_on": [
                        "aws_route_table.kube",
                        "aws_subnet.kube"
                    ],
                    "primary": {
                        "id": "rtbassoc-32822f4b",
                        "attributes": {
                            "id": "rtbassoc-32822f4b",
                            "route_table_id": "rtb-c3a71ba5",
                            "subnet_id": "subnet-a731d8fc"
                        },
                        "meta": {},
                        "tainted": false
                    },
                    "deposed": [],
                    "provider": ""
                },
                "aws_security_group.kube": {
                    "type": "aws_security_group",
                    "depends_on": [
                        "aws_vpc.kube"
                    ],
                    "primary": {
                        "id": "sg-2de88757",
                        "attributes": {
                            "description": "Security group for Kubernetes",
                            "egress.#": "0",
                            "id": "sg-2de88757",
                            "ingress.#": "3",
                            "ingress.1911780872.cidr_blocks.#": "1",
                            "ingress.1911780872.cidr_blocks.0": "0.0.0.0/0",
                            "ingress.1911780872.from_port": "0",
                            "ingress.1911780872.protocol": "tcp",
                            "ingress.1911780872.security_groups.#": "0",
                            "ingress.1911780872.self": "false",
                            "ingress.1911780872.to_port": "22",
                            "ingress.2303961675.cidr_blocks.#": "1",
                            "ingress.2303961675.cidr_blocks.0": "10.240.0.0/16",
                            "ingress.2303961675.from_port": "0",
                            "ingress.2303961675.protocol": "-1",
                            "ingress.2303961675.security_groups.#": "0",
                            "ingress.2303961675.self": "false",
                            "ingress.2303961675.to_port": "0",
                            "ingress.3402901047.cidr_blocks.#": "1",
                            "ingress.3402901047.cidr_blocks.0": "0.0.0.0/0",
                            "ingress.3402901047.from_port": "0",
                            "ingress.3402901047.protocol": "tcp",
                            "ingress.3402901047.security_groups.#": "0",
                            "ingress.3402901047.self": "false",
                            "ingress.3402901047.to_port": "6443",
                            "name": "kubernetes",
                            "owner_id": "941694918503",
                            "tags.%": "1",
                            "tags.Name": "kubernetes",
                            "vpc_id": "vpc-4cda832b"
                        },
                        "meta": {},
                        "tainted": false
                    },
                    "deposed": [],
                    "provider": ""
                },
                "aws_subnet.kube": {
                    "type": "aws_subnet",
                    "depends_on": [
                        "aws_vpc.kube"
                    ],
                    "primary": {
                        "id": "subnet-a731d8fc",
                        "attributes": {
                            "availability_zone": "us-east-1b",
                            "cidr_block": "10.240.0.0/24",
                            "id": "subnet-a731d8fc",
                            "map_public_ip_on_launch": "false",
                            "tags.%": "1",
                            "tags.Name": "kubernetes",
                            "vpc_id": "vpc-4cda832b"
                        },
                        "meta": {},
                        "tainted": false
                    },
                    "deposed": [],
                    "provider": ""
                },
                "aws_vpc.kube": {
                    "type": "aws_vpc",
                    "depends_on": [],
                    "primary": {
                        "id": "vpc-4cda832b",
                        "attributes": {
                            "cidr_block": "10.240.0.0/16",
                            "default_network_acl_id": "acl-ef5a4d88",
                            "default_route_table_id": "rtb-fba71b9d",
                            "default_security_group_id": "sg-3be88741",
                            "dhcp_options_id": "dopt-688aca0c",
                            "enable_classiclink": "false",
                            "enable_dns_hostnames": "true",
                            "enable_dns_support": "true",
                            "id": "vpc-4cda832b",
                            "instance_tenancy": "default",
                            "main_route_table_id": "rtb-fba71b9d",
                            "tags.%": "1",
                            "tags.Name": "kubernetes"
                        },
                        "meta": {},
                        "tainted": false
                    },
                    "deposed": [],
                    "provider": ""
                },
                "aws_vpc_dhcp_options.kube": {
                    "type": "aws_vpc_dhcp_options",
                    "depends_on": [],
                    "primary": {
                        "id": "dopt-688aca0c",
                        "attributes": {
                            "domain_name": "us-east-1.compute.internal",
                            "domain_name_servers.#": "1",
                            "domain_name_servers.0": "AmazonProvidedDNS",
                            "id": "dopt-688aca0c",
                            "tags.%": "0"
                        },
                        "meta": {},
                        "tainted": false
                    },
                    "deposed": [],
                    "provider": ""
                },
                "aws_vpc_dhcp_options_association.kube": {
                    "type": "aws_vpc_dhcp_options_association",
                    "depends_on": [
                        "aws_vpc.kube",
                        "aws_vpc_dhcp_options.kube"
                    ],
                    "primary": {
                        "id": "dopt-688aca0c-vpc-4cda832b",
                        "attributes": {
                            "dhcp_options_id": "dopt-688aca0c",
                            "id": "dopt-688aca0c-vpc-4cda832b",
                            "vpc_id": "vpc-4cda832b"
                        },
                        "meta": {},
                        "tainted": false
                    },
                    "deposed": [],
                    "provider": ""
                }
            },
            "depends_on": []
        }
    ]
}
