{
    "version": 3,
    "terraform_version": "0.7.3",
    "serial": 34,
    "lineage": "0cca3811-1a81-400d-b949-606c0fef4fcd",
    "modules": [
        {
            "path": [
                "root"
            ],
            "outputs": {
                "api_server_elb": {
                    "sensitive": false,
                    "type": "string",
                    "value": "kubernetes-1977380780.us-east-1.elb.amazonaws.com"
                },
                "ips": {
                    "sensitive": false,
                    "type": "string",
                    "value": "[\"54.175.216.22\",\"54.197.39.253\",\"54.197.23.53\",\"10.240.0.110\",\"10.240.0.120\",\"10.240.0.129\",\"54.196.58.223\",\"52.91.210.171\",\"54.196.152.57\",\"10.240.0.151\",\"10.240.0.109\",\"10.240.0.9\",\"54.197.14.59\",\"54.197.6.251\",\"54.174.160.49\",\"10.240.0.251\",\"10.240.0.124\",\"10.240.0.64\",\"kubernetes-1977380780.us-east-1.elb.amazonaws.com\"]"
                },
                "private_etcd_ips": {
                    "sensitive": false,
                    "type": "list",
                    "value": [
                        "10.240.0.110",
                        "10.240.0.120",
                        "10.240.0.129"
                    ]
                },
                "private_kube_controller_ips": {
                    "sensitive": false,
                    "type": "list",
                    "value": [
                        "10.240.0.151",
                        "10.240.0.109",
                        "10.240.0.9"
                    ]
                },
                "private_kube_worker_ips": {
                    "sensitive": false,
                    "type": "list",
                    "value": [
                        "10.240.0.251",
                        "10.240.0.124",
                        "10.240.0.64"
                    ]
                },
                "public_etcd_ips": {
                    "sensitive": false,
                    "type": "list",
                    "value": [
                        "54.175.216.22",
                        "54.197.39.253",
                        "54.197.23.53"
                    ]
                },
                "public_kube_controller_ips": {
                    "sensitive": false,
                    "type": "list",
                    "value": [
                        "54.196.58.223",
                        "52.91.210.171",
                        "54.196.152.57"
                    ]
                },
                "public_kube_worker_ips": {
                    "sensitive": false,
                    "type": "list",
                    "value": [
                        "54.197.14.59",
                        "54.197.6.251",
                        "54.174.160.49"
                    ]
                }
            },
            "resources": {
                "aws_elb.kube": {
                    "type": "aws_elb",
                    "depends_on": [
                        "aws_instance.kube_controller",
                        "aws_security_group.kube",
                        "aws_subnet.kube"
                    ],
                    "primary": {
                        "id": "kubernetes",
                        "attributes": {
                            "access_logs.#": "0",
                            "availability_zones.#": "1",
                            "availability_zones.2762590996": "us-east-1d",
                            "connection_draining": "false",
                            "connection_draining_timeout": "300",
                            "cross_zone_load_balancing": "true",
                            "dns_name": "kubernetes-1977380780.us-east-1.elb.amazonaws.com",
                            "health_check.#": "1",
                            "health_check.0.healthy_threshold": "10",
                            "health_check.0.interval": "30",
                            "health_check.0.target": "TCP:6443",
                            "health_check.0.timeout": "5",
                            "health_check.0.unhealthy_threshold": "2",
                            "id": "kubernetes",
                            "idle_timeout": "60",
                            "instances.#": "3",
                            "instances.3286135505": "i-02abddadc63d71a2f",
                            "instances.3415221657": "i-05de7d40034fa13a2",
                            "instances.3575608163": "i-09252721352e723c0",
                            "internal": "false",
                            "listener.#": "1",
                            "listener.3838681924.instance_port": "6443",
                            "listener.3838681924.instance_protocol": "tcp",
                            "listener.3838681924.lb_port": "6443",
                            "listener.3838681924.lb_protocol": "tcp",
                            "listener.3838681924.ssl_certificate_id": "",
                            "name": "kubernetes",
                            "security_groups.#": "1",
                            "security_groups.1520077249": "sg-1edf9364",
                            "source_security_group": "941694918503/kubernetes",
                            "source_security_group_id": "sg-1edf9364",
                            "subnets.#": "1",
                            "subnets.4162785999": "subnet-14ec1039",
                            "tags.%": "0",
                            "zone_id": "Z35SXDOTRQ7X7K"
                        },
                        "meta": {},
                        "tainted": false
                    },
                    "deposed": [],
                    "provider": ""
                },
                "aws_iam_instance_profile.kube": {
                    "type": "aws_iam_instance_profile",
                    "depends_on": [
                        "aws_iam_role.kube"
                    ],
                    "primary": {
                        "id": "kubernetes-instance-profile",
                        "attributes": {
                            "arn": "arn:aws:iam::941694918503:instance-profile/kubernetes-instance-profile",
                            "id": "kubernetes-instance-profile",
                            "name": "kubernetes-instance-profile",
                            "path": "/",
                            "roles.#": "1",
                            "roles.4115306839": "kube"
                        },
                        "meta": {},
                        "tainted": false
                    },
                    "deposed": [],
                    "provider": ""
                },
                "aws_iam_role.kube": {
                    "type": "aws_iam_role",
                    "depends_on": [],
                    "primary": {
                        "id": "kube",
                        "attributes": {
                            "arn": "arn:aws:iam::941694918503:role/kube",
                            "assume_role_policy": "{\n    \"Version\": \"2012-10-17\",\n    \"Statement\": [{\n        \"Effect\": \"Allow\",\n        \"Principal\": {\"Service\": \"ec2.amazonaws.com\"},\n        \"Action\": \"sts:AssumeRole\"\n    }]\n}\n",
                            "id": "kube",
                            "name": "kube",
                            "path": "/",
                            "unique_id": "AROAJ52RHWONX7EMRL4WY"
                        },
                        "meta": {},
                        "tainted": false
                    },
                    "deposed": [],
                    "provider": ""
                },
                "aws_iam_role_policy.kube": {
                    "type": "aws_iam_role_policy",
                    "depends_on": [
                        "aws_iam_role.kube"
                    ],
                    "primary": {
                        "id": "kube:kube",
                        "attributes": {
                            "id": "kube:kube",
                            "name": "kube",
                            "policy": "{\n    \"Version\": \"2012-10-17\",\n    \"Statement\": [\n        {\"Effect\": \"Allow\", \"Action\": [\"ec2:*\"], \"Resource\": [\"*\"]},\n        {\"Effect\": \"Allow\", \"Action\": [\"elasticloadbalancing:*\"], \"Resource\": [\"*\"]},\n        {\"Effect\": \"Allow\", \"Action\": [\"route53:*\"], \"Resource\": [\"*\"]},\n        {\"Effect\": \"Allow\", \"Action\": [\"ecr:*\"], \"Resource\": [\"*\"]}\n    ]\n}\n",
                            "role": "kube"
                        },
                        "meta": {},
                        "tainted": false
                    },
                    "deposed": [],
                    "provider": ""
                },
                "aws_instance.etcd.0": {
                    "type": "aws_instance",
                    "depends_on": [
                        "aws_iam_instance_profile.kube",
                        "aws_security_group.kube",
                        "aws_subnet.kube"
                    ],
                    "primary": {
                        "id": "i-035c7b0ea7728a70b",
                        "attributes": {
                            "ami": "ami-2ef48339",
                            "associate_public_ip_address": "true",
                            "availability_zone": "us-east-1d",
                            "disable_api_termination": "false",
                            "ebs_block_device.#": "0",
                            "ebs_optimized": "false",
                            "ephemeral_block_device.#": "0",
                            "iam_instance_profile": "kubernetes-instance-profile",
                            "id": "i-035c7b0ea7728a70b",
                            "instance_state": "running",
                            "instance_type": "t2.small",
                            "key_name": "kubernetes",
                            "monitoring": "false",
                            "network_interface_id": "eni-8e13b59c",
                            "private_dns": "ip-10-240-0-110.ec2.internal",
                            "private_ip": "10.240.0.110",
                            "public_dns": "ec2-54-175-216-22.compute-1.amazonaws.com",
                            "public_ip": "54.175.216.22",
                            "root_block_device.#": "1",
                            "root_block_device.0.delete_on_termination": "true",
                            "root_block_device.0.iops": "100",
                            "root_block_device.0.volume_size": "8",
                            "root_block_device.0.volume_type": "gp2",
                            "security_groups.#": "0",
                            "source_dest_check": "true",
                            "subnet_id": "subnet-14ec1039",
                            "tags.%": "1",
                            "tags.Name": "kubernetes-etcd-0",
                            "tenancy": "default",
                            "vpc_security_group_ids.#": "1",
                            "vpc_security_group_ids.1520077249": "sg-1edf9364"
                        },
                        "meta": {
                            "schema_version": "1"
                        },
                        "tainted": false
                    },
                    "deposed": [],
                    "provider": ""
                },
                "aws_instance.etcd.1": {
                    "type": "aws_instance",
                    "depends_on": [
                        "aws_iam_instance_profile.kube",
                        "aws_security_group.kube",
                        "aws_subnet.kube"
                    ],
                    "primary": {
                        "id": "i-0a79838db317788f8",
                        "attributes": {
                            "ami": "ami-2ef48339",
                            "associate_public_ip_address": "true",
                            "availability_zone": "us-east-1d",
                            "disable_api_termination": "false",
                            "ebs_block_device.#": "0",
                            "ebs_optimized": "false",
                            "ephemeral_block_device.#": "0",
                            "iam_instance_profile": "kubernetes-instance-profile",
                            "id": "i-0a79838db317788f8",
                            "instance_state": "running",
                            "instance_type": "t2.small",
                            "key_name": "kubernetes",
                            "monitoring": "false",
                            "network_interface_id": "eni-741fb966",
                            "private_dns": "ip-10-240-0-120.ec2.internal",
                            "private_ip": "10.240.0.120",
                            "public_dns": "ec2-54-197-39-253.compute-1.amazonaws.com",
                            "public_ip": "54.197.39.253",
                            "root_block_device.#": "1",
                            "root_block_device.0.delete_on_termination": "true",
                            "root_block_device.0.iops": "100",
                            "root_block_device.0.volume_size": "8",
                            "root_block_device.0.volume_type": "gp2",
                            "security_groups.#": "0",
                            "source_dest_check": "true",
                            "subnet_id": "subnet-14ec1039",
                            "tags.%": "1",
                            "tags.Name": "kubernetes-etcd-1",
                            "tenancy": "default",
                            "vpc_security_group_ids.#": "1",
                            "vpc_security_group_ids.1520077249": "sg-1edf9364"
                        },
                        "meta": {
                            "schema_version": "1"
                        },
                        "tainted": false
                    },
                    "deposed": [],
                    "provider": ""
                },
                "aws_instance.etcd.2": {
                    "type": "aws_instance",
                    "depends_on": [
                        "aws_iam_instance_profile.kube",
                        "aws_security_group.kube",
                        "aws_subnet.kube"
                    ],
                    "primary": {
                        "id": "i-0d7b852230d958bbb",
                        "attributes": {
                            "ami": "ami-2ef48339",
                            "associate_public_ip_address": "true",
                            "availability_zone": "us-east-1d",
                            "disable_api_termination": "false",
                            "ebs_block_device.#": "0",
                            "ebs_optimized": "false",
                            "ephemeral_block_device.#": "0",
                            "iam_instance_profile": "kubernetes-instance-profile",
                            "id": "i-0d7b852230d958bbb",
                            "instance_state": "running",
                            "instance_type": "t2.small",
                            "key_name": "kubernetes",
                            "monitoring": "false",
                            "network_interface_id": "eni-7a10b668",
                            "private_dns": "ip-10-240-0-129.ec2.internal",
                            "private_ip": "10.240.0.129",
                            "public_dns": "ec2-54-197-23-53.compute-1.amazonaws.com",
                            "public_ip": "54.197.23.53",
                            "root_block_device.#": "1",
                            "root_block_device.0.delete_on_termination": "true",
                            "root_block_device.0.iops": "100",
                            "root_block_device.0.volume_size": "8",
                            "root_block_device.0.volume_type": "gp2",
                            "security_groups.#": "0",
                            "source_dest_check": "true",
                            "subnet_id": "subnet-14ec1039",
                            "tags.%": "1",
                            "tags.Name": "kubernetes-etcd-2",
                            "tenancy": "default",
                            "vpc_security_group_ids.#": "1",
                            "vpc_security_group_ids.1520077249": "sg-1edf9364"
                        },
                        "meta": {
                            "schema_version": "1"
                        },
                        "tainted": false
                    },
                    "deposed": [],
                    "provider": ""
                },
                "aws_instance.kube_controller.0": {
                    "type": "aws_instance",
                    "depends_on": [
                        "aws_iam_instance_profile.kube",
                        "aws_security_group.kube",
                        "aws_subnet.kube"
                    ],
                    "primary": {
                        "id": "i-05de7d40034fa13a2",
                        "attributes": {
                            "ami": "ami-2ef48339",
                            "associate_public_ip_address": "true",
                            "availability_zone": "us-east-1d",
                            "disable_api_termination": "false",
                            "ebs_block_device.#": "0",
                            "ebs_optimized": "false",
                            "ephemeral_block_device.#": "0",
                            "iam_instance_profile": "kubernetes-instance-profile",
                            "id": "i-05de7d40034fa13a2",
                            "instance_state": "running",
                            "instance_type": "t2.small",
                            "key_name": "kubernetes",
                            "monitoring": "false",
                            "network_interface_id": "eni-001abc12",
                            "private_dns": "ip-10-240-0-151.ec2.internal",
                            "private_ip": "10.240.0.151",
                            "public_dns": "ec2-54-196-58-223.compute-1.amazonaws.com",
                            "public_ip": "54.196.58.223",
                            "root_block_device.#": "1",
                            "root_block_device.0.delete_on_termination": "true",
                            "root_block_device.0.iops": "100",
                            "root_block_device.0.volume_size": "8",
                            "root_block_device.0.volume_type": "gp2",
                            "security_groups.#": "0",
                            "source_dest_check": "true",
                            "subnet_id": "subnet-14ec1039",
                            "tags.%": "1",
                            "tags.Name": "kubernetes-controller-0",
                            "tenancy": "default",
                            "vpc_security_group_ids.#": "1",
                            "vpc_security_group_ids.1520077249": "sg-1edf9364"
                        },
                        "meta": {
                            "schema_version": "1"
                        },
                        "tainted": false
                    },
                    "deposed": [],
                    "provider": ""
                },
                "aws_instance.kube_controller.1": {
                    "type": "aws_instance",
                    "depends_on": [
                        "aws_iam_instance_profile.kube",
                        "aws_security_group.kube",
                        "aws_subnet.kube"
                    ],
                    "primary": {
                        "id": "i-09252721352e723c0",
                        "attributes": {
                            "ami": "ami-2ef48339",
                            "associate_public_ip_address": "true",
                            "availability_zone": "us-east-1d",
                            "disable_api_termination": "false",
                            "ebs_block_device.#": "0",
                            "ebs_optimized": "false",
                            "ephemeral_block_device.#": "0",
                            "iam_instance_profile": "kubernetes-instance-profile",
                            "id": "i-09252721352e723c0",
                            "instance_state": "running",
                            "instance_type": "t2.small",
                            "key_name": "kubernetes",
                            "monitoring": "false",
                            "network_interface_id": "eni-db10b6c9",
                            "private_dns": "ip-10-240-0-109.ec2.internal",
                            "private_ip": "10.240.0.109",
                            "public_dns": "ec2-52-91-210-171.compute-1.amazonaws.com",
                            "public_ip": "52.91.210.171",
                            "root_block_device.#": "1",
                            "root_block_device.0.delete_on_termination": "true",
                            "root_block_device.0.iops": "100",
                            "root_block_device.0.volume_size": "8",
                            "root_block_device.0.volume_type": "gp2",
                            "security_groups.#": "0",
                            "source_dest_check": "true",
                            "subnet_id": "subnet-14ec1039",
                            "tags.%": "1",
                            "tags.Name": "kubernetes-controller-1",
                            "tenancy": "default",
                            "vpc_security_group_ids.#": "1",
                            "vpc_security_group_ids.1520077249": "sg-1edf9364"
                        },
                        "meta": {
                            "schema_version": "1"
                        },
                        "tainted": false
                    },
                    "deposed": [],
                    "provider": ""
                },
                "aws_instance.kube_controller.2": {
                    "type": "aws_instance",
                    "depends_on": [
                        "aws_iam_instance_profile.kube",
                        "aws_security_group.kube",
                        "aws_subnet.kube"
                    ],
                    "primary": {
                        "id": "i-02abddadc63d71a2f",
                        "attributes": {
                            "ami": "ami-2ef48339",
                            "associate_public_ip_address": "true",
                            "availability_zone": "us-east-1d",
                            "disable_api_termination": "false",
                            "ebs_block_device.#": "0",
                            "ebs_optimized": "false",
                            "ephemeral_block_device.#": "0",
                            "iam_instance_profile": "kubernetes-instance-profile",
                            "id": "i-02abddadc63d71a2f",
                            "instance_state": "running",
                            "instance_type": "t2.small",
                            "key_name": "kubernetes",
                            "monitoring": "false",
                            "network_interface_id": "eni-5e1dbb4c",
                            "private_dns": "ip-10-240-0-9.ec2.internal",
                            "private_ip": "10.240.0.9",
                            "public_dns": "ec2-54-196-152-57.compute-1.amazonaws.com",
                            "public_ip": "54.196.152.57",
                            "root_block_device.#": "1",
                            "root_block_device.0.delete_on_termination": "true",
                            "root_block_device.0.iops": "100",
                            "root_block_device.0.volume_size": "8",
                            "root_block_device.0.volume_type": "gp2",
                            "security_groups.#": "0",
                            "source_dest_check": "true",
                            "subnet_id": "subnet-14ec1039",
                            "tags.%": "1",
                            "tags.Name": "kubernetes-controller-2",
                            "tenancy": "default",
                            "vpc_security_group_ids.#": "1",
                            "vpc_security_group_ids.1520077249": "sg-1edf9364"
                        },
                        "meta": {
                            "schema_version": "1"
                        },
                        "tainted": false
                    },
                    "deposed": [],
                    "provider": ""
                },
                "aws_instance.kube_worker.0": {
                    "type": "aws_instance",
                    "depends_on": [
                        "aws_iam_instance_profile.kube",
                        "aws_security_group.kube",
                        "aws_subnet.kube"
                    ],
                    "primary": {
                        "id": "i-0bdd56ba5c2968798",
                        "attributes": {
                            "ami": "ami-2ef48339",
                            "associate_public_ip_address": "true",
                            "availability_zone": "us-east-1d",
                            "disable_api_termination": "false",
                            "ebs_block_device.#": "0",
                            "ebs_optimized": "false",
                            "ephemeral_block_device.#": "0",
                            "iam_instance_profile": "kubernetes-instance-profile",
                            "id": "i-0bdd56ba5c2968798",
                            "instance_state": "running",
                            "instance_type": "t2.small",
                            "key_name": "kubernetes",
                            "monitoring": "false",
                            "network_interface_id": "eni-f511b7e7",
                            "private_dns": "ip-10-240-0-251.ec2.internal",
                            "private_ip": "10.240.0.251",
                            "public_dns": "ec2-54-197-14-59.compute-1.amazonaws.com",
                            "public_ip": "54.197.14.59",
                            "root_block_device.#": "1",
                            "root_block_device.0.delete_on_termination": "true",
                            "root_block_device.0.iops": "100",
                            "root_block_device.0.volume_size": "8",
                            "root_block_device.0.volume_type": "gp2",
                            "security_groups.#": "0",
                            "source_dest_check": "true",
                            "subnet_id": "subnet-14ec1039",
                            "tags.%": "1",
                            "tags.Name": "kubernetes-worker-0",
                            "tenancy": "default",
                            "vpc_security_group_ids.#": "1",
                            "vpc_security_group_ids.1520077249": "sg-1edf9364"
                        },
                        "meta": {
                            "schema_version": "1"
                        },
                        "tainted": false
                    },
                    "deposed": [],
                    "provider": ""
                },
                "aws_instance.kube_worker.1": {
                    "type": "aws_instance",
                    "depends_on": [
                        "aws_iam_instance_profile.kube",
                        "aws_security_group.kube",
                        "aws_subnet.kube"
                    ],
                    "primary": {
                        "id": "i-0b0cfe078980cbdde",
                        "attributes": {
                            "ami": "ami-2ef48339",
                            "associate_public_ip_address": "true",
                            "availability_zone": "us-east-1d",
                            "disable_api_termination": "false",
                            "ebs_block_device.#": "0",
                            "ebs_optimized": "false",
                            "ephemeral_block_device.#": "0",
                            "iam_instance_profile": "kubernetes-instance-profile",
                            "id": "i-0b0cfe078980cbdde",
                            "instance_state": "running",
                            "instance_type": "t2.small",
                            "key_name": "kubernetes",
                            "monitoring": "false",
                            "network_interface_id": "eni-7b10b669",
                            "private_dns": "ip-10-240-0-124.ec2.internal",
                            "private_ip": "10.240.0.124",
                            "public_dns": "ec2-54-197-6-251.compute-1.amazonaws.com",
                            "public_ip": "54.197.6.251",
                            "root_block_device.#": "1",
                            "root_block_device.0.delete_on_termination": "true",
                            "root_block_device.0.iops": "100",
                            "root_block_device.0.volume_size": "8",
                            "root_block_device.0.volume_type": "gp2",
                            "security_groups.#": "0",
                            "source_dest_check": "true",
                            "subnet_id": "subnet-14ec1039",
                            "tags.%": "1",
                            "tags.Name": "kubernetes-worker-1",
                            "tenancy": "default",
                            "vpc_security_group_ids.#": "1",
                            "vpc_security_group_ids.1520077249": "sg-1edf9364"
                        },
                        "meta": {
                            "schema_version": "1"
                        },
                        "tainted": false
                    },
                    "deposed": [],
                    "provider": ""
                },
                "aws_instance.kube_worker.2": {
                    "type": "aws_instance",
                    "depends_on": [
                        "aws_iam_instance_profile.kube",
                        "aws_security_group.kube",
                        "aws_subnet.kube"
                    ],
                    "primary": {
                        "id": "i-0ca616d64312648cd",
                        "attributes": {
                            "ami": "ami-2ef48339",
                            "associate_public_ip_address": "true",
                            "availability_zone": "us-east-1d",
                            "disable_api_termination": "false",
                            "ebs_block_device.#": "0",
                            "ebs_optimized": "false",
                            "ephemeral_block_device.#": "0",
                            "iam_instance_profile": "kubernetes-instance-profile",
                            "id": "i-0ca616d64312648cd",
                            "instance_state": "running",
                            "instance_type": "t2.small",
                            "key_name": "kubernetes",
                            "monitoring": "false",
                            "network_interface_id": "eni-b61eb8a4",
                            "private_dns": "ip-10-240-0-64.ec2.internal",
                            "private_ip": "10.240.0.64",
                            "public_dns": "ec2-54-174-160-49.compute-1.amazonaws.com",
                            "public_ip": "54.174.160.49",
                            "root_block_device.#": "1",
                            "root_block_device.0.delete_on_termination": "true",
                            "root_block_device.0.iops": "100",
                            "root_block_device.0.volume_size": "8",
                            "root_block_device.0.volume_type": "gp2",
                            "security_groups.#": "0",
                            "source_dest_check": "true",
                            "subnet_id": "subnet-14ec1039",
                            "tags.%": "1",
                            "tags.Name": "kubernetes-worker-2",
                            "tenancy": "default",
                            "vpc_security_group_ids.#": "1",
                            "vpc_security_group_ids.1520077249": "sg-1edf9364"
                        },
                        "meta": {
                            "schema_version": "1"
                        },
                        "tainted": false
                    },
                    "deposed": [],
                    "provider": ""
                },
                "aws_internet_gateway.kube": {
                    "type": "aws_internet_gateway",
                    "depends_on": [
                        "aws_vpc.kube"
                    ],
                    "primary": {
                        "id": "igw-7541b312",
                        "attributes": {
                            "id": "igw-7541b312",
                            "tags.%": "1",
                            "tags.Name": "kubernetes",
                            "vpc_id": "vpc-4fc9e528"
                        },
                        "meta": {},
                        "tainted": false
                    },
                    "deposed": [],
                    "provider": ""
                },
                "aws_key_pair.kube": {
                    "type": "aws_key_pair",
                    "depends_on": [],
                    "primary": {
                        "id": "kubernetes",
                        "attributes": {
                            "id": "kubernetes",
                            "key_name": "kubernetes",
                            "public_key": "ssh-rsa AAAAB3NzaC1yc2EAAAADAQABAAABAQC23OoHte9IYbKQPH7FhKMTd1MQeHVssd6Bw59b19kY6gHMVLvv8hQQhi9gY6Sxwnakn7M/wHfSRZdUKT7JlxrxR8qtOlFZTLFVQrharUsUR12zg5N9LgjUHaDvJsRo8A8mmUO8f3k2O+5spgjWnfQxyX0xbf8qqZHbR8/WCgkh1BAOm3yXsqUzLa2G6Jqzml8rZSqa1j8ldQjwthbswZ9W3SZ5hleuoYMrqESaMKG0JHkK6Q4Zt5CKrea5V3iT8jnExoYsdAj5RgycNaPTMp/xREIfFwypRHr2Rqjt7KYVhs3H9GJLS2E64f8dz6/xTwvpl9n/1Aghn5AZC/oxoS97 kevin@dschubba"
                        },
                        "meta": {
                            "schema_version": "1"
                        },
                        "tainted": false
                    },
                    "deposed": [],
                    "provider": ""
                },
                "aws_route_table.kube": {
                    "type": "aws_route_table",
                    "depends_on": [
                        "aws_internet_gateway.kube",
                        "aws_vpc.kube"
                    ],
                    "primary": {
                        "id": "rtb-9e24a9f8",
                        "attributes": {
                            "id": "rtb-9e24a9f8",
                            "propagating_vgws.#": "0",
                            "route.#": "1",
                            "route.3505841654.cidr_block": "0.0.0.0/0",
                            "route.3505841654.gateway_id": "igw-7541b312",
                            "route.3505841654.instance_id": "",
                            "route.3505841654.nat_gateway_id": "",
                            "route.3505841654.network_interface_id": "",
                            "route.3505841654.vpc_peering_connection_id": "",
                            "tags.%": "0",
                            "vpc_id": "vpc-4fc9e528"
                        },
                        "meta": {},
                        "tainted": false
                    },
                    "deposed": [],
                    "provider": ""
                },
                "aws_route_table_association.kube": {
                    "type": "aws_route_table_association",
                    "depends_on": [
                        "aws_route_table.kube",
                        "aws_subnet.kube"
                    ],
                    "primary": {
                        "id": "rtbassoc-e761df9e",
                        "attributes": {
                            "id": "rtbassoc-e761df9e",
                            "route_table_id": "rtb-9e24a9f8",
                            "subnet_id": "subnet-14ec1039"
                        },
                        "meta": {},
                        "tainted": false
                    },
                    "deposed": [],
                    "provider": ""
                },
                "aws_security_group.kube": {
                    "type": "aws_security_group",
                    "depends_on": [
                        "aws_vpc.kube"
                    ],
                    "primary": {
                        "id": "sg-1edf9364",
                        "attributes": {
                            "description": "Security group for Kubernetes",
                            "egress.#": "1",
                            "egress.482069346.cidr_blocks.#": "1",
                            "egress.482069346.cidr_blocks.0": "0.0.0.0/0",
                            "egress.482069346.from_port": "0",
                            "egress.482069346.prefix_list_ids.#": "0",
                            "egress.482069346.protocol": "-1",
                            "egress.482069346.security_groups.#": "0",
                            "egress.482069346.self": "false",
                            "egress.482069346.to_port": "0",
                            "id": "sg-1edf9364",
                            "ingress.#": "3",
                            "ingress.1911780872.cidr_blocks.#": "1",
                            "ingress.1911780872.cidr_blocks.0": "0.0.0.0/0",
                            "ingress.1911780872.from_port": "0",
                            "ingress.1911780872.protocol": "tcp",
                            "ingress.1911780872.security_groups.#": "0",
                            "ingress.1911780872.self": "false",
                            "ingress.1911780872.to_port": "22",
                            "ingress.2303961675.cidr_blocks.#": "1",
                            "ingress.2303961675.cidr_blocks.0": "10.240.0.0/16",
                            "ingress.2303961675.from_port": "0",
                            "ingress.2303961675.protocol": "-1",
                            "ingress.2303961675.security_groups.#": "0",
                            "ingress.2303961675.self": "false",
                            "ingress.2303961675.to_port": "0",
                            "ingress.3402901047.cidr_blocks.#": "1",
                            "ingress.3402901047.cidr_blocks.0": "0.0.0.0/0",
                            "ingress.3402901047.from_port": "0",
                            "ingress.3402901047.protocol": "tcp",
                            "ingress.3402901047.security_groups.#": "0",
                            "ingress.3402901047.self": "false",
                            "ingress.3402901047.to_port": "6443",
                            "name": "kubernetes",
                            "owner_id": "941694918503",
                            "tags.%": "1",
                            "tags.Name": "kubernetes",
                            "vpc_id": "vpc-4fc9e528"
                        },
                        "meta": {},
                        "tainted": false
                    },
                    "deposed": [],
                    "provider": ""
                },
                "aws_subnet.kube": {
                    "type": "aws_subnet",
                    "depends_on": [
                        "aws_vpc.kube"
                    ],
                    "primary": {
                        "id": "subnet-14ec1039",
                        "attributes": {
                            "availability_zone": "us-east-1d",
                            "cidr_block": "10.240.0.0/24",
                            "id": "subnet-14ec1039",
                            "map_public_ip_on_launch": "false",
                            "tags.%": "1",
                            "tags.Name": "kubernetes",
                            "vpc_id": "vpc-4fc9e528"
                        },
                        "meta": {},
                        "tainted": false
                    },
                    "deposed": [],
                    "provider": ""
                },
                "aws_vpc.kube": {
                    "type": "aws_vpc",
                    "depends_on": [],
                    "primary": {
                        "id": "vpc-4fc9e528",
                        "attributes": {
                            "cidr_block": "10.240.0.0/16",
                            "default_network_acl_id": "acl-093cd96f",
                            "default_route_table_id": "rtb-8a24a9ec",
                            "default_security_group_id": "sg-31df934b",
                            "dhcp_options_id": "dopt-4c4e0b29",
                            "enable_classiclink": "false",
                            "enable_dns_hostnames": "true",
                            "enable_dns_support": "true",
                            "id": "vpc-4fc9e528",
                            "instance_tenancy": "default",
                            "main_route_table_id": "rtb-8a24a9ec",
                            "tags.%": "1",
                            "tags.Name": "kubernetes"
                        },
                        "meta": {},
                        "tainted": false
                    },
                    "deposed": [],
                    "provider": ""
                },
                "aws_vpc_dhcp_options.kube": {
                    "type": "aws_vpc_dhcp_options",
                    "depends_on": [],
                    "primary": {
                        "id": "dopt-ea2b7a8e",
                        "attributes": {
                            "domain_name": "us-east-1.compute.internal",
                            "domain_name_servers.#": "1",
                            "domain_name_servers.0": "AmazonProvidedDNS",
                            "id": "dopt-ea2b7a8e"
                        },
                        "meta": {},
                        "tainted": false
                    },
                    "deposed": [],
                    "provider": ""
                },
                "aws_vpc_dhcp_options_association.kube": {
                    "type": "aws_vpc_dhcp_options_association",
                    "depends_on": [
                        "aws_vpc.kube",
                        "aws_vpc_dhcp_options.kube"
                    ],
                    "primary": {
                        "id": "dopt-ea2b7a8e-vpc-4fc9e528",
                        "attributes": {
                            "dhcp_options_id": "dopt-ea2b7a8e",
                            "id": "dopt-ea2b7a8e-vpc-4fc9e528",
                            "vpc_id": "vpc-4fc9e528"
                        },
                        "meta": {},
                        "tainted": false
                    },
                    "deposed": [],
                    "provider": ""
                }
            },
            "depends_on": []
        }
    ]
}
